schema: '2.0'
stages:
  ingest_data:
    cmd: python3 src/data_ingestion.py
    deps:
    - path: src/data_ingestion.py
      hash: md5
      md5: 7360ada6e0817134651bf1b4f9a9c41e
      size: 2057
    outs:
    - path: data/test.csv
      hash: md5
      md5: 727faad2e8b685ac071363b929a8eceb
      size: 162596
    - path: data/train.csv
      hash: md5
      md5: f22f66c920a86305da0e1f27697c9c30
      size: 655001
  preprocess_data:
    cmd: python3 src/data_preprocessing.py
    deps:
    - path: data/test.csv
      hash: md5
      md5: 727faad2e8b685ac071363b929a8eceb
      size: 162596
    - path: data/train.csv
      hash: md5
      md5: f22f66c920a86305da0e1f27697c9c30
      size: 655001
    - path: src/data_preprocessing.py
      hash: md5
      md5: 56a5b8f472b7bb1fdaf710a26921d5b0
      size: 886
    outs:
    - path: data/processed/test_clean.csv
      hash: md5
      md5: f144d962c58e09639b0513dfde750b25
      size: 110871
    - path: data/processed/train_clean.csv
      hash: md5
      md5: 1f012a68b38dce96be542ad65a67a754
      size: 444859
  train_model:
    cmd: python3 src/train_model.py
    deps:
    - path: data/processed/test_clean.csv
      hash: md5
      md5: f144d962c58e09639b0513dfde750b25
      size: 110871
    - path: data/processed/train_clean.csv
      hash: md5
      md5: 1f012a68b38dce96be542ad65a67a754
      size: 444859
    - path: src/train_model.py
      hash: md5
      md5: fbaca6c96b157617aaeef351fce0aff2
      size: 1390
    outs:
    - path: models/report.txt
      hash: md5
      md5: f68af41a255994efae48d2a0cd686853
      size: 326
    - path: models/svm_pipeline.joblib
      hash: md5
      md5: 8d8738a60881d0c87953e121b9cba58e
      size: 767504
  evaluate_model:
    cmd: python3 src/evaluate_model.py
    deps:
    - path: data/processed/test_clean.csv
      hash: md5
      md5: f144d962c58e09639b0513dfde750b25
      size: 110871
    - path: models/svm_pipeline.joblib
      hash: md5
      md5: 8d8738a60881d0c87953e121b9cba58e
      size: 767504
    - path: src/evaluate_model.py
      hash: md5
      md5: eadd94d79a29f0182951353f500a7cd9
      size: 881
    outs:
    - path: evaluation/confusion_matrix.png
      hash: md5
      md5: 20dcb71ff0aa4f4b2408ad2ecccfd0c1
      size: 21252
  feature_engineering:
    cmd: python3 src/feature_engineering.py
    deps:
    - path: data/processed/test_clean.csv
      hash: md5
      md5: f144d962c58e09639b0513dfde750b25
      size: 110871
    - path: data/processed/train_clean.csv
      hash: md5
      md5: 1f012a68b38dce96be542ad65a67a754
      size: 444859
    - path: src/feature_engineering.py
      hash: md5
      md5: 4a9ba21e2ffbfb3b37c2d74f310837fe
      size: 1412
    outs:
    - path: data/processed/test_bow.csv
      hash: md5
      md5: 508fd21f11d710595f706efe1e6264ec
      size: 41708063
    - path: data/processed/train_bow.csv
      hash: md5
      md5: 43b0c09919b5df375873fcd4691e3f95
      size: 166827436
    - path: models/vectorizer.joblib
      hash: md5
      md5: 8cf8a7084d58130abafbf176ae63f3d6
      size: 181655
